// !$*UTF8*$!
{
	archiveVersion = 1;
	classes = {
	};
	objectVersion = 50;
	objects = {

/* Begin PBXBuildFile section */
		DE7DA5DD20A061870083EBFD /* AppDelegate.m in Sources */ = {isa = PBXBuildFile; fileRef = DE7DA5DC20A061870083EBFD /* AppDelegate.m */; };
		DE7DA5E020A061870083EBFD /* ViewController.m in Sources */ = {isa = PBXBuildFile; fileRef = DE7DA5DF20A061870083EBFD /* ViewController.m */; };
		DE7DA5E320A061870083EBFD /* Main.storyboard in Resources */ = {isa = PBXBuildFile; fileRef = DE7DA5E120A061870083EBFD /* Main.storyboard */; };
		DE7DA5E520A061880083EBFD /* Assets.xcassets in Resources */ = {isa = PBXBuildFile; fileRef = DE7DA5E420A061880083EBFD /* Assets.xcassets */; };
		DE7DA5E820A061880083EBFD /* LaunchScreen.storyboard in Resources */ = {isa = PBXBuildFile; fileRef = DE7DA5E620A061880083EBFD /* LaunchScreen.storyboard */; };
		DE7DA5EB20A061880083EBFD /* main.m in Sources */ = {isa = PBXBuildFile; fileRef = DE7DA5EA20A061880083EBFD /* main.m */; };
/* End PBXBuildFile section */

/* Begin PBXFileReference section */
		DE7DA5D820A061870083EBFD /* CCLibraryDemo.app */ = {isa = PBXFileReference; explicitFileType = wrapper.application; includeInIndex = 0; path = CCLibraryDemo.app; sourceTree = BUILT_PRODUCTS_DIR; };
		DE7DA5DB20A061870083EBFD /* AppDelegate.h */ = {isa = PBXFileReference; lastKnownFileType = sourcecode.c.h; path = AppDelegate.h; sourceTree = "<group>"; };
		DE7DA5DC20A061870083EBFD /* AppDelegate.m */ = {isa = PBXFileReference; lastKnownFileType = sourcecode.c.objc; path = AppDelegate.m; sourceTree = "<group>"; };
		DE7DA5DE20A061870083EBFD /* ViewController.h */ = {isa = PBXFileReference; lastKnownFileType = sourcecode.c.h; path = ViewController.h; sourceTree = "<group>"; };
		DE7DA5DF20A061870083EBFD /* ViewController.m */ = {isa = PBXFileReference; lastKnownFileType = sourcecode.c.objc; path = ViewController.m; sourceTree = "<group>"; };
		DE7DA5E220A061870083EBFD /* Base */ = {isa = PBXFileReference; lastKnownFileType = file.storyboard; name = Base; path = Base.lproj/Main.storyboard; sourceTree = "<group>"; };
		DE7DA5E420A061880083EBFD /* Assets.xcassets */ = {isa = PBXFileReference; lastKnownFileType = folder.assetcatalog; path = Assets.xcassets; sourceTree = "<group>"; };
		DE7DA5E720A061880083EBFD /* Base */ = {isa = PBXFileReference; lastKnownFileType = file.storyboard; name = Base; path = Base.lproj/LaunchScreen.storyboard; sourceTree = "<group>"; };
		DE7DA5E920A061880083EBFD /* Info.plist */ = {isa = PBXFileReference; lastKnownFileType = text.plist.xml; path = Info.plist; sourceTree = "<group>"; };
		DE7DA5EA20A061880083EBFD /* main.m */ = {isa = PBXFileReference; lastKnownFileType = sourcecode.c.objc; path = main.m; sourceTree = "<group>"; };
/* End PBXFileReference section */

/* Begin PBXFrameworksBuildPhase section */
		DE7DA5D520A061870083EBFD /* Frameworks */ = {
			isa = PBXFrameworksBuildPhase;
			buildActionMask = 2147483647;
			files = (
			);
			runOnlyForDeploymentPostprocessing = 0;
		};
/* End PBXFrameworksBuildPhase section */

/* Begin PBXGroup section */
		DE7DA5CF20A061870083EBFD = {
			isa = PBXGroup;
			children = (
				DE7DA5DA20A061870083EBFD /* CCLibraryDemo */,
				DE7DA5D920A061870083EBFD /* Products */,
			);
			sourceTree = "<group>";
		};
		DE7DA5D920A061870083EBFD /* Products */ = {
			isa = PBXGroup;
			children = (
				DE7DA5D820A061870083EBFD /* CCLibraryDemo.app */,
			);
			name = Products;
			sourceTree = "<group>";
		};
		DE7DA5DA20A061870083EBFD /* CCLibraryDemo */ = {
			isa = PBXGroup;
			children = (
				DE7DA5DB20A061870083EBFD /* AppDelegate.h */,
				DE7DA5DC20A061870083EBFD /* AppDelegate.m */,
				DE7DA5DE20A061870083EBFD /* ViewController.h */,
				DE7DA5DF20A061870083EBFD /* ViewController.m */,
				DE7DA5E120A061870083EBFD /* Main.storyboard */,
				DE7DA5E420A061880083EBFD /* Assets.xcassets */,
				DE7DA5E620A061880083EBFD /* LaunchScreen.storyboard */,
				DE7DA5E920A061880083EBFD /* Info.plist */,
				DE7DA5EA20A061880083EBFD /* main.m */,
			);
			path = CCLibraryDemo;
			sourceTree = "<group>";
		};
/* End PBXGroup section */

/* Begin PBXNativeTarget section */
		DE7DA5D720A061870083EBFD /* CCLibraryDemo */ = {
			isa = PBXNativeTarget;
			buildConfigurationList = DE7DA5EE20A061880083EBFD /* Build configuration list for PBXNativeTarget "CCLibraryDemo" */;
			buildPhases = (
				DE7DA5D420A061870083EBFD /* Sources */,
				DE7DA5D520A061870083EBFD /* Frameworks */,
				DE7DA5D620A061870083EBFD /* Resources */,
			);
			buildRules = (
			);
			dependencies = (
			);
			name = CCLibraryDemo;
			productName = CCLibraryDemo;
			productReference = DE7DA5D820A061870083EBFD /* CCLibraryDemo.app */;
			productType = "com.apple.product-type.application";
		};
/* End PBXNativeTarget section */

/* Begin PBXProject section */
		DE7DA5D020A061870083EBFD /* Project object */ = {
			isa = PBXProject;
			attributes = {
				LastUpgradeCheck = 0930;
				ORGANIZATIONNAME = 51Talk;
				TargetAttributes = {
					DE7DA5D720A061870083EBFD = {
						CreatedOnToolsVersion = 9.3;
					};
				};
			};
			buildConfigurationList = DE7DA5D320A061870083EBFD /* Build configuration list for PBXProject "CCLibraryDemo" */;
			compatibilityVersion = "Xcode 9.3";
			developmentRegion = en;
			hasScannedForEncodings = 0;
			knownRegions = (
				en,
				Base,
			);
			mainGroup = DE7DA5CF20A061870083EBFD;
			productRefGroup = DE7DA5D920A061870083EBFD /* Products */;
			projectDirPath = "";
			projectRoot = "";
			targets = (
				DE7DA5D720A061870083EBFD /* CCLibraryDemo */,
			);
		};
/* End PBXProject section */

/* Begin PBXResourcesBuildPhase section */
		DE7DA5D620A061870083EBFD /* Resources */ = {
			isa = PBXResourcesBuildPhase;
			buildActionMask = 2147483647;
			files = (
				DE7DA5E820A061880083EBFD /* LaunchScreen.storyboard in Resources */,
				DE7DA5E520A061880083EBFD /* Assets.xcassets in Resources */,
				DE7DA5E320A061870083EBFD /* Main.storyboard in Resources */,
			);
			runOnlyForDeploymentPostprocessing = 0;
		};
/* End PBXResourcesBuildPhase section */

/* Begin PBXSourcesBuildPhase section */
		DE7DA5D420A061870083EBFD /* Sources */ = {
			isa = PBXSourcesBuildPhase;
			buildActionMask = 2147483647;
			files = (
				DE7DA5E020A061870083EBFD /* ViewController.m in Sources */,
				DE7DA5EB20A061880083EBFD /* main.m in Sources */,
				DE7DA5DD20A061870083EBFD /* AppDelegate.m in Sources */,
			);
			runOnlyForDeploymentPostprocessing = 0;
		};
/* End PBXSourcesBuildPhase section */

/* Begin PBXVariantGroup section */
		DE7DA5E120A061870083EBFD /* Main.storyboard */ = {
			isa = PBXVariantGroup;
			children = (
				DE7DA5E220A061870083EBFD /* Base */,
			);
			name = Main.storyboard;
			sourceTree = "<group>";
		};
		DE7DA5E620A061880083EBFD /* LaunchScreen.storyboard */ = {
			isa = PBXVariantGroup;
			children = (
				DE7DA5E720A061880083EBFD /* Base */,
			);
			name = LaunchScreen.storyboard;
			sourceTree = "<group>";
		};
/* End PBXVariantGroup section */

/* Begin XCBuildConfiguration section */
		DE7DA5EC20A061880083EBFD /* Debug */ = {
			isa = XCBuildConfiguration;
			buildSettings = {
				ALWAYS_SEARCH_USER_PATHS = NO;
				CLANG_ANALYZER_NONNULL = YES;
				CLANG_ANALYZER_NUMBER_OBJECT_CONVERSION = YES_AGGRESSIVE;
				CLANG_CXX_LANGUAGE_STANDARD = "gnu++14";
				CLANG_CXX_LIBRARY = "libc++";
				CLANG_ENABLE_MODULES = YES;
				CLANG_ENABLE_OBJC_ARC = YES;
				CLANG_ENABLE_OBJC_WEAK = YES;
				CLANG_WARN_BLOCK_CAPTURE_AUTORELEASING = YES;
				CLANG_WARN_BOOL_CONVERSION = YES;
				CLANG_WARN_COMMA = YES;
				CLANG_WARN_CONSTANT_CONVERSION = YES;
				CLANG_WARN_DEPRECATED_OBJC_IMPLEMENTATIONS = YES;
				CLANG_WARN_DIRECT_OBJC_ISA_USAGE = YES_ERROR;
				CLANG_WARN_DOCUMENTATION_COMMENTS = YES;
				CLANG_WARN_EMPTY_BODY = YES;
				CLANG_WARN_ENUM_CONVERSION = YES;
				CLANG_WARN_INFINITE_RECURSION = YES;
				CLANG_WARN_INT_CONVERSION = YES;
				CLANG_WARN_NON_LITERAL_NULL_CONVERSION = YES;
				CLANG_WARN_OBJC_IMPLICIT_RETAIN_SELF = YES;
				CLANG_WARN_OBJC_LITERAL_CONVERSION = YES;
				CLANG_WARN_OBJC_ROOT_CLASS = YES_ERROR;
				CLANG_WARN_RANGE_LOOP_ANALYSIS = YES;
				CLANG_WARN_STRICT_PROTOTYPES = YES;
				CLANG_WARN_SUSPICIOUS_MOVE = YES;
				CLANG_WARN_UNGUARDED_AVAILABILITY = YES_AGGRESSIVE;
				CLANG_WARN_UNREACHABLE_CODE = YES;
				CLANG_WARN__DUPLICATE_METHOD_MATCH = YES;
				CODE_SIGN_IDENTITY = "iPhone Developer";
				COPY_PHASE_STRIP = NO;
				DEBUG_INFORMATION_FORMAT = dwarf;
				ENABLE_STRICT_OBJC_MSGSEND = YES;
				ENABLE_TESTABILITY = YES;
				GCC_C_LANGUAGE_STANDARD = gnu11;
				GCC_DYNAMIC_NO_PIC = NO;
				GCC_NO_COMMON_BLOCKS = YES;
				GCC_OPTIMIZATION_LEVEL = 0;
				GCC_PREPROCESSOR_DEFINITIONS = (
					"DEBUG=1",
					"$(inherited)",
				);
				GCC_WARN_64_TO_32_BIT_CONVERSION = YES;
				GCC_WARN_ABOUT_RETURN_TYPE = YES_ERROR;
				GCC_WARN_UNDECLARED_SELECTOR = YES;
				GCC_WARN_UNINITIALIZED_AUTOS = YES_AGGRESSIVE;
				GCC_WARN_UNUSED_FUNCTION = YES;
				GCC_WARN_UNUSED_VARIABLE = YES;
				IPHONEOS_DEPLOYMENT_TARGET = 11.3;
				MTL_ENABLE_DEBUG_INFO = YES;
				ONLY_ACTIVE_ARCH = YES;
				SDKROOT = iphoneos;
			};
			name = Debug;
		};
		DE7DA5ED20A061880083EBFD /* Release */ = {
			isa = XCBuildConfiguration;
			buildSettings = {
				ALWAYS_SEARCH_USER_PATHS = NO;
				CLANG_ANALYZER_NONNULL = YES;
				CLANG_ANALYZER_NUMBER_OBJECT_CONVERSION = YES_AGGRESSIVE;
				CLANG_CXX_LANGUAGE_STANDARD = "gnu++14";
				CLANG_CXX_LIBRARY = "libc++";
				CLANG_ENABLE_MODULES = YES;
				CLANG_ENABLE_OBJC_ARC = YES;
				CLANG_ENABLE_OBJC_WEAK = YES;
				CLANG_WARN_BLOCK_CAPTURE_AUTORELEASING = YES;
				CLANG_WARN_BOOL_CONVERSION = YES;
				CLANG_WARN_COMMA = YES;
				CLANG_WARN_CONSTANT_CONVERSION = YES;
				CLANG_WARN_DEPRECATED_OBJC_IMPLEMENTATIONS = YES;
				CLANG_WARN_DIRECT_OBJC_ISA_USAGE = YES_ERROR;
				CLANG_WARN_DOCUMENTATION_COMMENTS = YES;
				CLANG_WARN_EMPTY_BODY = YES;
				CLANG_WARN_ENUM_CONVERSION = YES;
				CLANG_WARN_INFINITE_RECURSION = YES;
				CLANG_WARN_INT_CONVERSION = YES;
				CLANG_WARN_NON_LITERAL_NULL_CONVERSION = YES;
				CLANG_WARN_OBJC_IMPLICIT_RETAIN_SELF = YES;
				CLANG_WARN_OBJC_LITERAL_CONVERSION = YES;
				CLANG_WARN_OBJC_ROOT_CLASS = YES_ERROR;
				CLANG_WARN_RANGE_LOOP_ANALYSIS = YES;
				CLANG_WARN_STRICT_PROTOTYPES = YES;
				CLANG_WARN_SUSPICIOUS_MOVE = YES;
				CLANG_WARN_UNGUARDED_AVAILABILITY = YES_AGGRESSIVE;
				CLANG_WARN_UNREACHABLE_CODE = YES;
				CLANG_WARN__DUPLICATE_METHOD_MATCH = YES;
				CODE_SIGN_IDENTITY = "iPhone Developer";
				COPY_PHASE_STRIP = NO;
				DEBUG_INFORMATION_FORMAT = "dwarf-with-dsym";
				ENABLE_NS_ASSERTIONS = NO;
				ENABLE_STRICT_OBJC_MSGSEND = YES;
				GCC_C_LANGUAGE_STANDARD = gnu11;
				GCC_NO_COMMON_BLOCKS = YES;
				GCC_WARN_64_TO_32_BIT_CONVERSION = YES;
				GCC_WARN_ABOUT_RETURN_TYPE = YES_ERROR;
				GCC_WARN_UNDECLARED_SELECTOR = YES;
				GCC_WARN_UNINITIALIZED_AUTOS = YES_AGGRESSIVE;
				GCC_WARN_UNUSED_FUNCTION = YES;
				GCC_WARN_UNUSED_VARIABLE = YES;
				IPHONEOS_DEPLOYMENT_TARGET = 11.3;
				MTL_ENABLE_DEBUG_INFO = NO;
				SDKROOT = iphoneos;
				VALIDATE_PRODUCT = YES;
			};
			name = Release;
		};
		DE7DA5EF20A061880083EBFD /* Debug */ = {
			isa = XCBuildConfiguration;
			buildSettings = {
				ASSETCATALOG_COMPILER_APPICON_NAME = AppIcon;
				CODE_SIGN_STYLE = Automatic;
				INFOPLIST_FILE = CCLibraryDemo/Info.plist;
				LD_RUNPATH_SEARCH_PATHS = (
					"$(inherited)",
					"@executable_path/Frameworks",
				);
				PRODUCT_BUNDLE_IDENTIFIER = com.51talk.b2sinhouse.CCLibraryDemo;
				PRODUCT_NAME = "$(TARGET_NAME)";
				TARGETED_DEVICE_FAMILY = "1,2";
			};
			name = Debug;
		};
		DE7DA5F020A061880083EBFD /* Release */ = {
			isa = XCBuildConfiguration;
			buildSettings = {
				ASSETCATALOG_COMPILER_APPICON_NAME = AppIcon;
				CODE_SIGN_STYLE = Automatic;
				INFOPLIST_FILE = CCLibraryDemo/Info.plist;
				LD_RUNPATH_SEARCH_PATHS = (
					"$(inherited)",
					"@executable_path/Frameworks",
				);
				PRODUCT_BUNDLE_IDENTIFIER = com.51talk.b2sinhouse.CCLibraryDemo;
				PRODUCT_NAME = "$(TARGET_NAME)";
				TARGETED_DEVICE_FAMILY = "1,2";
			};
			name = Release;
		};
/* End XCBuildConfiguration section */

/* Begin XCConfigurationList section */
		DE7DA5D320A061870083EBFD /* Build configuration list for PBXProject "CCLibraryDemo" */ = {
			isa = XCConfigurationList;
			buildConfigurations = (
				DE7DA5EC20A061880083EBFD /* Debug */,
				DE7DA5ED20A061880083EBFD /* Release */,
			);
			defaultConfigurationIsVisible = 0;
			defaultConfigurationName = Release;
		};
		DE7DA5EE20A061880083EBFD /* Build configuration list for PBXNativeTarget "CCLibraryDemo" */ = {
			isa = XCConfigurationList;
			buildConfigurations = (
				DE7DA5EF20A061880083EBFD /* Debug */,
				DE7DA5F020A061880083EBFD /* Release */,
			);
			defaultConfigurationIsVisible = 0;
			defaultConfigurationName = Release;
		};
/* End XCConfigurationList section */
	};
	rootObject = DE7DA5D020A061870083EBFD /* Project object */;
}
